
Microsoft Visual Studio Solution File, Format Version 12.00
# Visual Studio Version 17
VisualStudioVersion = 17.6.33801.468
MinimumVisualStudioVersion = 10.0.40219.1
Project("{FAE04EC0-301F-11D3-BF4B-00C04F79EFBC}") = "DataStructures", "DataStructures\DataStructures.csproj", "{5D4BDFB8-5670-445F-8FD9-1C6B5DD74234}"
EndProject
Global
	GlobalSection(SolutionConfigurationPlatforms) = preSolution
		Debug|Any CPU = Debug|Any CPU
		Release|Any CPU = Release|Any CPU
	EndGlobalSection
	GlobalSection(ProjectConfigurationPlatforms) = postSolution
		{5D4BDFB8-5670-445F-8FD9-1C6B5DD74234}.Debug|Any CPU.ActiveCfg = Debug|Any CPU
		{5D4BDFB8-5670-445F-8FD9-1C6B5DD74234}.Debug|Any CPU.Build.0 = Debug|Any CPU
		{5D4BDFB8-5670-445F-8FD9-1C6B5DD74234}.Release|Any CPU.ActiveCfg = Release|Any CPU
		{5D4BDFB8-5670-445F-8FD9-1C6B5DD74234}.Release|Any CPU.Build.0 = Release|Any CPU
	EndGlobalSection
	GlobalSection(SolutionProperties) = preSolution
		HideSolutionNode = FALSE
	EndGlobalSection
	GlobalSection(ExtensibilityGlobals) = postSolution
		SolutionGuid = {812EE0BB-5B83-4552-BA5F-6AB3C0731ACF}
	EndGlobalSection
EndGlobal
